
Microsoft Visual Studio Solution File, Format Version 12.00
# Visual Studio Version 16
VisualStudioVersion = 16.0.809.8
MinimumVisualStudioVersion = 10.0.40219.1
Project("{2150E333-8FDC-42A3-9474-1A3956D46DE8}") = "Domain", "Domain", "{0829DCDF-EE92-47DF-8E04-ECC21D170C68}"
EndProject
Project("{2150E333-8FDC-42A3-9474-1A3956D46DE8}") = "Infrastructure", "Infrastructure", "{9EC58F61-23D2-473C-8AF8-D218B8BD0801}"
EndProject
Project("{2150E333-8FDC-42A3-9474-1A3956D46DE8}") = "Application", "Application", "{74B16ECE-D49E-4F0C-9432-E921E697DDB5}"
EndProject
Project("{2150E333-8FDC-42A3-9474-1A3956D46DE8}") = "Presentation", "Presentation", "{22A52ECE-688B-4688-ADCC-40251AB3CA51}"
EndProject
Project("{2150E333-8FDC-42A3-9474-1A3956D46DE8}") = "DistributedServices", "DistributedServices", "{26552DC5-5193-4497-A950-74E0E12FB809}"
EndProject
Project("{2150E333-8FDC-42A3-9474-1A3956D46DE8}") = "Data", "Data", "{3348B6F2-1ECB-4F2C-8DB3-056A0C517513}"
EndProject
Project("{2150E333-8FDC-42A3-9474-1A3956D46DE8}") = "Crosscutting", "Crosscutting", "{B3E39898-6775-4E80-9C71-239E36B62AFA}"
EndProject
Project("{9A19103F-16F7-4668-BE54-9A1E7A4F7556}") = "Domain.Seedwork", "Domain.Seedwork\Domain.Seedwork.csproj", "{66BEA16A-DCA1-472E-A997-653047B43F3F}"
EndProject
Project("{9A19103F-16F7-4668-BE54-9A1E7A4F7556}") = "Domain.MainBoundedContext", "Domain.MainBoundedContext\Domain.MainBoundedContext.csproj", "{B2C07A18-0CAA-4999-BE0C-04656F9CF286}"
EndProject
Project("{9A19103F-16F7-4668-BE54-9A1E7A4F7556}") = "Infrastructure.Data.Seedwork", "Infrastructure.Data.Seedwork\Infrastructure.Data.Seedwork.csproj", "{E6D37A85-13D3-4E1A-81EC-E3C1D56C344D}"
EndProject
Project("{9A19103F-16F7-4668-BE54-9A1E7A4F7556}") = "Infrastructure.Data.MainBoundedContext", "Infrastructure.Data.MainBoundedContext\Infrastructure.Data.MainBoundedContext.csproj", "{68D61F41-B21A-4E98-A129-C17664916270}"
EndProject
Project("{9A19103F-16F7-4668-BE54-9A1E7A4F7556}") = "Presentation.Console", "Presentation.Console\Presentation.Console.csproj", "{E0AD66F1-3753-4351-AEAB-AA9FBFBEA56C}"
EndProject
Project("{9A19103F-16F7-4668-BE54-9A1E7A4F7556}") = "Infrastructure.Crosscutting.IoC", "Infrastructure.Crosscutting.IoC\Infrastructure.Crosscutting.IoC.csproj", "{7216EAB0-9F6A-4B3D-B1D4-5301CB3CFB36}"
EndProject
Project("{2150E333-8FDC-42A3-9474-1A3956D46DE8}") = "IoC", "IoC", "{8116A801-674C-4FD0-8AA2-8FCDE14362B6}"
EndProject
Project("{9A19103F-16F7-4668-BE54-9A1E7A4F7556}") = "DistributedService.WebAPI", "DistributedService.WebAPI\DistributedService.WebAPI.csproj", "{837A73C4-E08B-4B35-BD78-63C77CF5B215}"
EndProject
Project("{9A19103F-16F7-4668-BE54-9A1E7A4F7556}") = "Infrastructure.Crosscutting.IoC.SimpleInjector", "Infrastructure.Crosscutting.IoC.SimpleInjector\Infrastructure.Crosscutting.IoC.SimpleInjector.csproj", "{0609C408-363F-4762-8A9F-62DD7651BA15}"
EndProject
Project("{9A19103F-16F7-4668-BE54-9A1E7A4F7556}") = "Infrastructure.Crosscutting.Seedwork", "Infrastructure.Crosscutting.Seedwork\Infrastructure.Crosscutting.Seedwork.csproj", "{BD6F2246-104A-4C8C-A8C7-1A33076F1A5A}"
EndProject
Project("{9A19103F-16F7-4668-BE54-9A1E7A4F7556}") = "Application.Seedwork", "Application.Seedwork\Application.Seedwork.csproj", "{031EFCEF-5991-47AC-929F-8CFF5992AC11}"
EndProject
Project("{9A19103F-16F7-4668-BE54-9A1E7A4F7556}") = "Application.MainBoundedContext", "Application.MainBoundedContext\Application.MainBoundedContext.csproj", "{1CA478B6-7AC3-4E9E-9AC4-75F3FFCD5013}"
EndProject
Project("{9A19103F-16F7-4668-BE54-9A1E7A4F7556}") = "Presentation.Web", "Presentation.Web\Presentation.Web.csproj", "{15D4647B-3D33-4A51-BC66-2B58B4AFA076}"
EndProject
Project("{9A19103F-16F7-4668-BE54-9A1E7A4F7556}") = "Application.MainBoundedContext.DTO", "Application.MainBoundedContext.DTO\Application.MainBoundedContext.DTO.csproj", "{49256011-C0FB-43AB-B082-5724361F6305}"
EndProject
Project("{9A19103F-16F7-4668-BE54-9A1E7A4F7556}") = "Application.MainBoundedContext.Tests", "Application.MainBoundedContext.Tests\Application.MainBoundedContext.Tests.csproj", "{4340D23A-4CA6-4BB4-9737-D7C7AE5D8CE2}"
EndProject
Project("{9A19103F-16F7-4668-BE54-9A1E7A4F7556}") = "Domain.MainBoundedContext.Tests", "Domain.MainBoundedContext.Tests\Domain.MainBoundedContext.Tests.csproj", "{2CD98BFB-7700-46A6-AEF3-C7AED72ED750}"
EndProject
Project("{9A19103F-16F7-4668-BE54-9A1E7A4F7556}") = "Infrastructure.Crosscutting.IoC.Tests", "Infrastructure.Crosscutting.IoC.Tests\Infrastructure.Crosscutting.IoC.Tests.csproj", "{64416DF3-39DC-49C2-991E-51BF2A78DD0A}"
EndProject
Project("{9A19103F-16F7-4668-BE54-9A1E7A4F7556}") = "Infrastructure.Data.MainBoundedContext.Tests", "Infrastructure.Data.MainBoundedContext.Tests\Infrastructure.Data.MainBoundedContext.Tests.csproj", "{1E8A2899-CEAF-436E-B95A-CAE927F1E502}"
EndProject
Project("{2150E333-8FDC-42A3-9474-1A3956D46DE8}") = "Logging", "Logging", "{59AAF136-1778-49B7-967C-4EE6E3EF605C}"
EndProject
Project("{FAE04EC0-301F-11D3-BF4B-00C04F79EFBC}") = "Infrastructure.Crosscutting.Logging", "Infrastructure.Crosscutting.Logging\Infrastructure.Crosscutting.Logging.csproj", "{544037F3-9480-46AB-9BB2-4FE4B77AC72A}"
EndProject
Global
	GlobalSection(SolutionConfigurationPlatforms) = preSolution
		Debug|Any CPU = Debug|Any CPU
		Release|Any CPU = Release|Any CPU
	EndGlobalSection
	GlobalSection(ProjectConfigurationPlatforms) = postSolution
		{66BEA16A-DCA1-472E-A997-653047B43F3F}.Debug|Any CPU.ActiveCfg = Debug|Any CPU
		{66BEA16A-DCA1-472E-A997-653047B43F3F}.Debug|Any CPU.Build.0 = Debug|Any CPU
		{66BEA16A-DCA1-472E-A997-653047B43F3F}.Release|Any CPU.ActiveCfg = Release|Any CPU
		{66BEA16A-DCA1-472E-A997-653047B43F3F}.Release|Any CPU.Build.0 = Release|Any CPU
		{B2C07A18-0CAA-4999-BE0C-04656F9CF286}.Debug|Any CPU.ActiveCfg = Debug|Any CPU
		{B2C07A18-0CAA-4999-BE0C-04656F9CF286}.Debug|Any CPU.Build.0 = Debug|Any CPU
		{B2C07A18-0CAA-4999-BE0C-04656F9CF286}.Release|Any CPU.ActiveCfg = Release|Any CPU
		{B2C07A18-0CAA-4999-BE0C-04656F9CF286}.Release|Any CPU.Build.0 = Release|Any CPU
		{E6D37A85-13D3-4E1A-81EC-E3C1D56C344D}.Debug|Any CPU.ActiveCfg = Debug|Any CPU
		{E6D37A85-13D3-4E1A-81EC-E3C1D56C344D}.Debug|Any CPU.Build.0 = Debug|Any CPU
		{E6D37A85-13D3-4E1A-81EC-E3C1D56C344D}.Release|Any CPU.ActiveCfg = Release|Any CPU
		{E6D37A85-13D3-4E1A-81EC-E3C1D56C344D}.Release|Any CPU.Build.0 = Release|Any CPU
		{68D61F41-B21A-4E98-A129-C17664916270}.Debug|Any CPU.ActiveCfg = Debug|Any CPU
		{68D61F41-B21A-4E98-A129-C17664916270}.Debug|Any CPU.Build.0 = Debug|Any CPU
		{68D61F41-B21A-4E98-A129-C17664916270}.Release|Any CPU.ActiveCfg = Release|Any CPU
		{68D61F41-B21A-4E98-A129-C17664916270}.Release|Any CPU.Build.0 = Release|Any CPU
		{E0AD66F1-3753-4351-AEAB-AA9FBFBEA56C}.Debug|Any CPU.ActiveCfg = Debug|Any CPU
		{E0AD66F1-3753-4351-AEAB-AA9FBFBEA56C}.Debug|Any CPU.Build.0 = Debug|Any CPU
		{E0AD66F1-3753-4351-AEAB-AA9FBFBEA56C}.Release|Any CPU.ActiveCfg = Release|Any CPU
		{E0AD66F1-3753-4351-AEAB-AA9FBFBEA56C}.Release|Any CPU.Build.0 = Release|Any CPU
		{7216EAB0-9F6A-4B3D-B1D4-5301CB3CFB36}.Debug|Any CPU.ActiveCfg = Debug|Any CPU
		{7216EAB0-9F6A-4B3D-B1D4-5301CB3CFB36}.Debug|Any CPU.Build.0 = Debug|Any CPU
		{7216EAB0-9F6A-4B3D-B1D4-5301CB3CFB36}.Release|Any CPU.ActiveCfg = Release|Any CPU
		{7216EAB0-9F6A-4B3D-B1D4-5301CB3CFB36}.Release|Any CPU.Build.0 = Release|Any CPU
		{837A73C4-E08B-4B35-BD78-63C77CF5B215}.Debug|Any CPU.ActiveCfg = Debug|Any CPU
		{837A73C4-E08B-4B35-BD78-63C77CF5B215}.Debug|Any CPU.Build.0 = Debug|Any CPU
		{837A73C4-E08B-4B35-BD78-63C77CF5B215}.Release|Any CPU.ActiveCfg = Release|Any CPU
		{837A73C4-E08B-4B35-BD78-63C77CF5B215}.Release|Any CPU.Build.0 = Release|Any CPU
		{0609C408-363F-4762-8A9F-62DD7651BA15}.Debug|Any CPU.ActiveCfg = Debug|Any CPU
		{0609C408-363F-4762-8A9F-62DD7651BA15}.Debug|Any CPU.Build.0 = Debug|Any CPU
		{0609C408-363F-4762-8A9F-62DD7651BA15}.Release|Any CPU.ActiveCfg = Release|Any CPU
		{0609C408-363F-4762-8A9F-62DD7651BA15}.Release|Any CPU.Build.0 = Release|Any CPU
		{BD6F2246-104A-4C8C-A8C7-1A33076F1A5A}.Debug|Any CPU.ActiveCfg = Debug|Any CPU
		{BD6F2246-104A-4C8C-A8C7-1A33076F1A5A}.Debug|Any CPU.Build.0 = Debug|Any CPU
		{BD6F2246-104A-4C8C-A8C7-1A33076F1A5A}.Release|Any CPU.ActiveCfg = Release|Any CPU
		{BD6F2246-104A-4C8C-A8C7-1A33076F1A5A}.Release|Any CPU.Build.0 = Release|Any CPU
		{031EFCEF-5991-47AC-929F-8CFF5992AC11}.Debug|Any CPU.ActiveCfg = Debug|Any CPU
		{031EFCEF-5991-47AC-929F-8CFF5992AC11}.Debug|Any CPU.Build.0 = Debug|Any CPU
		{031EFCEF-5991-47AC-929F-8CFF5992AC11}.Release|Any CPU.ActiveCfg = Release|Any CPU
		{031EFCEF-5991-47AC-929F-8CFF5992AC11}.Release|Any CPU.Build.0 = Release|Any CPU
		{1CA478B6-7AC3-4E9E-9AC4-75F3FFCD5013}.Debug|Any CPU.ActiveCfg = Debug|Any CPU
		{1CA478B6-7AC3-4E9E-9AC4-75F3FFCD5013}.Debug|Any CPU.Build.0 = Debug|Any CPU
		{1CA478B6-7AC3-4E9E-9AC4-75F3FFCD5013}.Release|Any CPU.ActiveCfg = Release|Any CPU
		{1CA478B6-7AC3-4E9E-9AC4-75F3FFCD5013}.Release|Any CPU.Build.0 = Release|Any CPU
		{15D4647B-3D33-4A51-BC66-2B58B4AFA076}.Debug|Any CPU.ActiveCfg = Debug|Any CPU
		{15D4647B-3D33-4A51-BC66-2B58B4AFA076}.Debug|Any CPU.Build.0 = Debug|Any CPU
		{15D4647B-3D33-4A51-BC66-2B58B4AFA076}.Release|Any CPU.ActiveCfg = Release|Any CPU
		{15D4647B-3D33-4A51-BC66-2B58B4AFA076}.Release|Any CPU.Build.0 = Release|Any CPU
		{49256011-C0FB-43AB-B082-5724361F6305}.Debug|Any CPU.ActiveCfg = Debug|Any CPU
		{49256011-C0FB-43AB-B082-5724361F6305}.Debug|Any CPU.Build.0 = Debug|Any CPU
		{49256011-C0FB-43AB-B082-5724361F6305}.Release|Any CPU.ActiveCfg = Release|Any CPU
		{49256011-C0FB-43AB-B082-5724361F6305}.Release|Any CPU.Build.0 = Release|Any CPU
		{4340D23A-4CA6-4BB4-9737-D7C7AE5D8CE2}.Debug|Any CPU.ActiveCfg = Debug|Any CPU
		{4340D23A-4CA6-4BB4-9737-D7C7AE5D8CE2}.Debug|Any CPU.Build.0 = Debug|Any CPU
		{4340D23A-4CA6-4BB4-9737-D7C7AE5D8CE2}.Release|Any CPU.ActiveCfg = Release|Any CPU
		{4340D23A-4CA6-4BB4-9737-D7C7AE5D8CE2}.Release|Any CPU.Build.0 = Release|Any CPU
		{2CD98BFB-7700-46A6-AEF3-C7AED72ED750}.Debug|Any CPU.ActiveCfg = Debug|Any CPU
		{2CD98BFB-7700-46A6-AEF3-C7AED72ED750}.Debug|Any CPU.Build.0 = Debug|Any CPU
		{2CD98BFB-7700-46A6-AEF3-C7AED72ED750}.Release|Any CPU.ActiveCfg = Release|Any CPU
		{2CD98BFB-7700-46A6-AEF3-C7AED72ED750}.Release|Any CPU.Build.0 = Release|Any CPU
		{64416DF3-39DC-49C2-991E-51BF2A78DD0A}.Debug|Any CPU.ActiveCfg = Debug|Any CPU
		{64416DF3-39DC-49C2-991E-51BF2A78DD0A}.Debug|Any CPU.Build.0 = Debug|Any CPU
		{64416DF3-39DC-49C2-991E-51BF2A78DD0A}.Release|Any CPU.ActiveCfg = Release|Any CPU
		{64416DF3-39DC-49C2-991E-51BF2A78DD0A}.Release|Any CPU.Build.0 = Release|Any CPU
		{1E8A2899-CEAF-436E-B95A-CAE927F1E502}.Debug|Any CPU.ActiveCfg = Debug|Any CPU
		{1E8A2899-CEAF-436E-B95A-CAE927F1E502}.Debug|Any CPU.Build.0 = Debug|Any CPU
		{1E8A2899-CEAF-436E-B95A-CAE927F1E502}.Release|Any CPU.ActiveCfg = Release|Any CPU
		{1E8A2899-CEAF-436E-B95A-CAE927F1E502}.Release|Any CPU.Build.0 = Release|Any CPU
		{544037F3-9480-46AB-9BB2-4FE4B77AC72A}.Debug|Any CPU.ActiveCfg = Debug|Any CPU
		{544037F3-9480-46AB-9BB2-4FE4B77AC72A}.Debug|Any CPU.Build.0 = Debug|Any CPU
		{544037F3-9480-46AB-9BB2-4FE4B77AC72A}.Release|Any CPU.ActiveCfg = Release|Any CPU
		{544037F3-9480-46AB-9BB2-4FE4B77AC72A}.Release|Any CPU.Build.0 = Release|Any CPU
	EndGlobalSection
	GlobalSection(SolutionProperties) = preSolution
		HideSolutionNode = FALSE
	EndGlobalSection
	GlobalSection(NestedProjects) = preSolution
		{3348B6F2-1ECB-4F2C-8DB3-056A0C517513} = {9EC58F61-23D2-473C-8AF8-D218B8BD0801}
		{B3E39898-6775-4E80-9C71-239E36B62AFA} = {9EC58F61-23D2-473C-8AF8-D218B8BD0801}
		{66BEA16A-DCA1-472E-A997-653047B43F3F} = {0829DCDF-EE92-47DF-8E04-ECC21D170C68}
		{B2C07A18-0CAA-4999-BE0C-04656F9CF286} = {0829DCDF-EE92-47DF-8E04-ECC21D170C68}
		{E6D37A85-13D3-4E1A-81EC-E3C1D56C344D} = {3348B6F2-1ECB-4F2C-8DB3-056A0C517513}
		{68D61F41-B21A-4E98-A129-C17664916270} = {3348B6F2-1ECB-4F2C-8DB3-056A0C517513}
		{E0AD66F1-3753-4351-AEAB-AA9FBFBEA56C} = {22A52ECE-688B-4688-ADCC-40251AB3CA51}
		{7216EAB0-9F6A-4B3D-B1D4-5301CB3CFB36} = {8116A801-674C-4FD0-8AA2-8FCDE14362B6}
		{8116A801-674C-4FD0-8AA2-8FCDE14362B6} = {B3E39898-6775-4E80-9C71-239E36B62AFA}
		{837A73C4-E08B-4B35-BD78-63C77CF5B215} = {26552DC5-5193-4497-A950-74E0E12FB809}
		{0609C408-363F-4762-8A9F-62DD7651BA15} = {8116A801-674C-4FD0-8AA2-8FCDE14362B6}
		{BD6F2246-104A-4C8C-A8C7-1A33076F1A5A} = {B3E39898-6775-4E80-9C71-239E36B62AFA}
		{031EFCEF-5991-47AC-929F-8CFF5992AC11} = {74B16ECE-D49E-4F0C-9432-E921E697DDB5}
		{1CA478B6-7AC3-4E9E-9AC4-75F3FFCD5013} = {74B16ECE-D49E-4F0C-9432-E921E697DDB5}
		{15D4647B-3D33-4A51-BC66-2B58B4AFA076} = {22A52ECE-688B-4688-ADCC-40251AB3CA51}
		{49256011-C0FB-43AB-B082-5724361F6305} = {74B16ECE-D49E-4F0C-9432-E921E697DDB5}
		{4340D23A-4CA6-4BB4-9737-D7C7AE5D8CE2} = {74B16ECE-D49E-4F0C-9432-E921E697DDB5}
		{2CD98BFB-7700-46A6-AEF3-C7AED72ED750} = {0829DCDF-EE92-47DF-8E04-ECC21D170C68}
		{64416DF3-39DC-49C2-991E-51BF2A78DD0A} = {8116A801-674C-4FD0-8AA2-8FCDE14362B6}
		{1E8A2899-CEAF-436E-B95A-CAE927F1E502} = {3348B6F2-1ECB-4F2C-8DB3-056A0C517513}
		{59AAF136-1778-49B7-967C-4EE6E3EF605C} = {B3E39898-6775-4E80-9C71-239E36B62AFA}
		{544037F3-9480-46AB-9BB2-4FE4B77AC72A} = {59AAF136-1778-49B7-967C-4EE6E3EF605C}
	EndGlobalSection
	GlobalSection(ExtensibilityGlobals) = postSolution
		SolutionGuid = {251CD320-B49A-46D0-989A-BD02A3D9D0C1}
	EndGlobalSection
	GlobalSection(MonoDevelopProperties) = preSolution
		Policies = $0
		$0.DotNetNamingPolicy = $1
		$1.DirectoryNamespaceAssociation = PrefixedHierarchical
	EndGlobalSection
EndGlobal
